github.com/emirpasic/gods v1.18.1 h1:FXtiHYKDGKCW2KzwZKx0iC0PQmdlorYgdFG9jPXJ1Bc=
github.com/emirpasic/gods v1.18.1/go.mod h1:8tpGGwCnJ5H4r6BWwaV6OrWmMoPhUl5jm/FMNAnJvWQ=
github.com/shopspring/decimal v1.3.1 h1:2Usl1nmF/WZucqkFZhnfFYxxxu8LG21F6nPQBE5gKV8=
github.com/shopspring/decimal v1.3.1/go.mod h1:DKyhrW/HYNuLGql+MJL6WCR6knT2jwCFRcu2hWCYk4o=
