github.com/oklog/oklog v0.3.2 h1:wVfs8F+in6nTBMkA7CbRw+zZMIB7nNM825cM1wuzoTk=
github.com/oklog/oklog v0.3.2/go.mod h1:FCV+B7mhrz4o+ueLpx+KqkyXRGMWOYEvfiXtdGtbWGs=
github.com/oklog/run v1.1.0 h1:GEenZ1cK0+q0+wsJew9qUg/DyD8k3JzYsZAi5gYi2mA=
github.com/oklog/run v1.1.0/go.mod h1:sVPdnTZT1zYwAJeCMu2Th4T21pA3FPOQRfWjQlk7DVU=
